PODS:
  - FBSnapshotTestCase (2.1.4):
    - FBSnapshotTestCase/SwiftSupport (= 2.1.4)
  - FBSnapshotTestCase/Core (2.1.4)
  - FBSnapshotTestCase/SwiftSupport (2.1.4):
    - FBSnapshotTestCase/Core
  - XHTextFeild (0.1.0)

DEPENDENCIES:
  - FBSnapshotTestCase
  - XHTextFeild (from `../`)

SPEC REPOS:
  https://github.com/cocoapods/specs.git:
    - FBSnapshotTestCase

EXTERNAL SOURCES:
  XHTextFeild:
    :path: "../"

SPEC CHECKSUMS:
  FBSnapshotTestCase: 094f9f314decbabe373b87cc339bea235a63e07a
  XHTextFeild: 19fb4f0b934b9da77e2989f25772fd07c13f77b1

PODFILE CHECKSUM: 1bd8b4876dbb3f10c418164cb0dec717cca9c6ee

COCOAPODS: 1.7.2
